
Microsoft Visual Studio Solution File, Format Version 12.00
# Visual Studio Version 16
VisualStudioVersion = 16.0.30804.86
MinimumVisualStudioVersion = 10.0.40219.1
Project("{FAE04EC0-301F-11D3-BF4B-00C04F79EFBC}") = "Rubicks_Cube", "Rubicks_Cube.csproj", "{87870078-19F4-4439-AE26-B13217215B83}"
EndProject
Global
	GlobalSection(SolutionConfigurationPlatforms) = preSolution
		Debug|Any CPU = Debug|Any CPU
		Release|Any CPU = Release|Any CPU
	EndGlobalSection
	GlobalSection(ProjectConfigurationPlatforms) = postSolution
		{87870078-19F4-4439-AE26-B13217215B83}.Debug|Any CPU.ActiveCfg = Debug|Any CPU
		{87870078-19F4-4439-AE26-B13217215B83}.Debug|Any CPU.Build.0 = Debug|Any CPU
		{87870078-19F4-4439-AE26-B13217215B83}.Release|Any CPU.ActiveCfg = Release|Any CPU
		{87870078-19F4-4439-AE26-B13217215B83}.Release|Any CPU.Build.0 = Release|Any CPU
	EndGlobalSection
	GlobalSection(SolutionProperties) = preSolution
		HideSolutionNode = FALSE
	EndGlobalSection
	GlobalSection(ExtensibilityGlobals) = postSolution
		SolutionGuid = {121A6189-7795-4E5D-8A1C-AB2EF5AD90D5}
	EndGlobalSection
EndGlobal
